
Microsoft Visual Studio Solution File, Format Version 12.00
# Visual Studio Version 17
VisualStudioVersion = 17.9.34723.18
MinimumVisualStudioVersion = 10.0.40219.1
Project("{9A19103F-16F7-4668-BE54-9A1E7A4F7556}") = "CodeResource.App", "CodeResource.App\CodeResource.App.csproj", "{20DF7FF3-1394-48A1-839E-36E27AA778EF}"
EndProject
Project("{9A19103F-16F7-4668-BE54-9A1E7A4F7556}") = "CodeResource.Editor", "CodeResource.Editor\CodeResource.Editor.csproj", "{F3143B09-DF7C-40E8-AA74-84430998C92B}"
EndProject
Project("{9A19103F-16F7-4668-BE54-9A1E7A4F7556}") = "CodeResource", "CodeResource\CodeResource.csproj", "{C3F4E23D-D1D7-4865-91B4-3F9BF85863F9}"
EndProject
Global
	GlobalSection(SolutionConfigurationPlatforms) = preSolution
		Debug|Any CPU = Debug|Any CPU
		Release|Any CPU = Release|Any CPU
	EndGlobalSection
	GlobalSection(ProjectConfigurationPlatforms) = postSolution
		{F3143B09-DF7C-40E8-AA74-84430998C92B}.Debug|Any CPU.ActiveCfg = Debug|Any CPU
		{F3143B09-DF7C-40E8-AA74-84430998C92B}.Debug|Any CPU.Build.0 = Debug|Any CPU
		{F3143B09-DF7C-40E8-AA74-84430998C92B}.Release|Any CPU.ActiveCfg = Release|Any CPU
		{F3143B09-DF7C-40E8-AA74-84430998C92B}.Release|Any CPU.Build.0 = Release|Any CPU
		{C3F4E23D-D1D7-4865-91B4-3F9BF85863F9}.Debug|Any CPU.ActiveCfg = Debug|Any CPU
		{C3F4E23D-D1D7-4865-91B4-3F9BF85863F9}.Debug|Any CPU.Build.0 = Debug|Any CPU
		{C3F4E23D-D1D7-4865-91B4-3F9BF85863F9}.Release|Any CPU.ActiveCfg = Release|Any CPU
		{C3F4E23D-D1D7-4865-91B4-3F9BF85863F9}.Release|Any CPU.Build.0 = Release|Any CPU
		{20DF7FF3-1394-48A1-839E-36E27AA778EF}.Debug|Any CPU.ActiveCfg = Debug|Any CPU
		{20DF7FF3-1394-48A1-839E-36E27AA778EF}.Debug|Any CPU.Build.0 = Debug|Any CPU
		{20DF7FF3-1394-48A1-839E-36E27AA778EF}.Release|Any CPU.ActiveCfg = Release|Any CPU
		{20DF7FF3-1394-48A1-839E-36E27AA778EF}.Release|Any CPU.Build.0 = Release|Any CPU
	EndGlobalSection
	GlobalSection(SolutionProperties) = preSolution
		HideSolutionNode = FALSE
	EndGlobalSection
	GlobalSection(ExtensibilityGlobals) = postSolution
		SolutionGuid = {798C70BE-9EC2-4335-9997-0B52A7C9FBC1}
	EndGlobalSection
EndGlobal
